
Microsoft Visual Studio Solution File, Format Version 12.00
# Visual Studio Version 17
VisualStudioVersion = 17.5.002.0
MinimumVisualStudioVersion = 10.0.40219.1
Project("{9A19103F-16F7-4668-BE54-9A1E7A4F7556}") = "api", "api\api.csproj", "{B1EF2E7C-3ACA-4629-A56C-B5B3D1A99CFF}"
EndProject
Global
	GlobalSection(SolutionConfigurationPlatforms) = preSolution
		Debug|Any CPU = Debug|Any CPU
		Release|Any CPU = Release|Any CPU
	EndGlobalSection
	GlobalSection(ProjectConfigurationPlatforms) = postSolution
		{B1EF2E7C-3ACA-4629-A56C-B5B3D1A99CFF}.Debug|Any CPU.ActiveCfg = Debug|Any CPU
		{B1EF2E7C-3ACA-4629-A56C-B5B3D1A99CFF}.Debug|Any CPU.Build.0 = Debug|Any CPU
		{B1EF2E7C-3ACA-4629-A56C-B5B3D1A99CFF}.Release|Any CPU.ActiveCfg = Release|Any CPU
		{B1EF2E7C-3ACA-4629-A56C-B5B3D1A99CFF}.Release|Any CPU.Build.0 = Release|Any CPU
	EndGlobalSection
	GlobalSection(SolutionProperties) = preSolution
		HideSolutionNode = FALSE
	EndGlobalSection
	GlobalSection(ExtensibilityGlobals) = postSolution
		SolutionGuid = {AD9238BE-3AAF-42D0-A01A-A4F2D62F7668}
	EndGlobalSection
EndGlobal
